
Microsoft Visual Studio Solution File, Format Version 12.00
# Visual Studio 15
Project("{FAE04EC0-301F-11D3-BF4B-00C04F79EFBC}") = "HelloWorld", "HelloWorld\HelloWorld.csproj", "{D11276A5-5E6A-4BC5-A016-7C81BBD919DE}"
EndProject
Global
	GlobalSection(SolutionConfigurationPlatforms) = preSolution
		Debug|Any CPU = Debug|Any CPU
		Release|Any CPU = Release|Any CPU
	EndGlobalSection
	GlobalSection(ProjectConfigurationPlatforms) = postSolution
		{D11276A5-5E6A-4BC5-A016-7C81BBD919DE}.Debug|Any CPU.ActiveCfg = Debug|Any CPU
		{D11276A5-5E6A-4BC5-A016-7C81BBD919DE}.Debug|Any CPU.Build.0 = Debug|Any CPU
		{D11276A5-5E6A-4BC5-A016-7C81BBD919DE}.Release|Any CPU.ActiveCfg = Release|Any CPU
		{D11276A5-5E6A-4BC5-A016-7C81BBD919DE}.Release|Any CPU.Build.0 = Release|Any CPU
	EndGlobalSection
EndGlobal
